# THIS IS AN AUTOGENERATED FILE. DO NOT EDIT THIS FILE DIRECTLY.
# yarn lockfile v1


"@tauri-apps/api@^1.0.2":
  "integrity" "sha512-n13pIqdPd3KtaMmmAcrU7BTfdMtIlGNnfZD0dNX8L4p8dgmuNyikm6JAA+yCpl9gqq6I8x5cV2Y0muqdgD0cWw=="
  "resolved" "https://registry.npmmirror.com/@tauri-apps/api/-/api-1.1.0.tgz"
  "version" "1.1.0"

"@tauri-apps/cli-linux-x64-gnu@1.1.1":
  "integrity" "sha512-ES4Bkx2JAI8+dDNDJswhLS3yqt+yT/4C6UfGOPIHFxcXUh6fe36eUllrTt+HLRS9xTZbYnteJy7ebq2TqMkaxw=="
  "resolved" "https://registry.npmmirror.com/@tauri-apps/cli-linux-x64-gnu/-/cli-linux-x64-gnu-1.1.1.tgz"
  "version" "1.1.1"

"@tauri-apps/cli-linux-x64-musl@1.1.1":
  "integrity" "sha512-qrN1WOMAaDl+LE8P8iO0+DYlrWNTc9jIu/CsnVY/LImTn79ZPxEkcVBo0UGeKRI7f10TfvkVmLCBLxTz8QhEyA=="
  "resolved" "https://registry.npmmirror.com/@tauri-apps/cli-linux-x64-musl/-/cli-linux-x64-musl-1.1.1.tgz"
  "version" "1.1.1"

"@tauri-apps/cli@^1.0.2":
  "integrity" "sha512-80kjMEMPBwLYCp0tTKSquy90PHHGGBvZsneNr3B/mWxNsvjzA1C0vOyGJGFrJuT2OmkvrdvuJZ5mch5hL8O1Xg=="
  "resolved" "https://registry.npmmirror.com/@tauri-apps/cli/-/cli-1.1.1.tgz"
  "version" "1.1.1"
  optionalDependencies:
    "@tauri-apps/cli-darwin-arm64" "1.1.1"
    "@tauri-apps/cli-darwin-x64" "1.1.1"
    "@tauri-apps/cli-linux-arm-gnueabihf" "1.1.1"
    "@tauri-apps/cli-linux-arm64-gnu" "1.1.1"
    "@tauri-apps/cli-linux-arm64-musl" "1.1.1"
    "@tauri-apps/cli-linux-x64-gnu" "1.1.1"
    "@tauri-apps/cli-linux-x64-musl" "1.1.1"
    "@tauri-apps/cli-win32-ia32-msvc" "1.1.1"
    "@tauri-apps/cli-win32-x64-msvc" "1.1.1"
